
Microsoft Visual Studio Solution File, Format Version 12.00
# Visual Studio 2012
Project("{D954291E-2A0B-460D-934E-DC6B0785DB48}") = "DiscardCustomerApp", "DiscardCustomerApp.shproj", "{B697BCDC-F94E-449D-A14D-CE363DBBD8A2}"
EndProject
Project("{FAE04EC0-301F-11D3-BF4B-00C04F79EFBC}") = "DiscardCustomerApp.iOS", "iOS\DiscardCustomerApp.iOS.csproj", "{C201A993-E1F9-4F2F-B447-B49A4644E062}"
EndProject
Project("{FAE04EC0-301F-11D3-BF4B-00C04F79EFBC}") = "DiscardCustomerApp.Droid", "Droid\DiscardCustomerApp.Droid.csproj", "{D1995C30-C397-44E9-9B8E-D41261E259D8}"
EndProject
Global
	GlobalSection(SolutionConfigurationPlatforms) = preSolution
		Debug|iPhoneSimulator = Debug|iPhoneSimulator
		Release|iPhoneSimulator = Release|iPhoneSimulator
		Debug|iPhone = Debug|iPhone
		Release|iPhone = Release|iPhone
		Ad-Hoc|iPhone = Ad-Hoc|iPhone
		AppStore|iPhone = AppStore|iPhone
		Debug|Any CPU = Debug|Any CPU
		Release|Any CPU = Release|Any CPU
	EndGlobalSection
	GlobalSection(ProjectConfigurationPlatforms) = postSolution
		{C201A993-E1F9-4F2F-B447-B49A4644E062}.Ad-Hoc|iPhone.ActiveCfg = Ad-Hoc|iPhone
		{C201A993-E1F9-4F2F-B447-B49A4644E062}.Ad-Hoc|iPhone.Build.0 = Ad-Hoc|iPhone
		{C201A993-E1F9-4F2F-B447-B49A4644E062}.AppStore|iPhone.ActiveCfg = AppStore|iPhone
		{C201A993-E1F9-4F2F-B447-B49A4644E062}.AppStore|iPhone.Build.0 = AppStore|iPhone
		{C201A993-E1F9-4F2F-B447-B49A4644E062}.Debug|Any CPU.ActiveCfg = Debug|iPhoneSimulator
		{C201A993-E1F9-4F2F-B447-B49A4644E062}.Debug|Any CPU.Build.0 = Debug|iPhoneSimulator
		{C201A993-E1F9-4F2F-B447-B49A4644E062}.Debug|iPhone.ActiveCfg = Debug|iPhone
		{C201A993-E1F9-4F2F-B447-B49A4644E062}.Debug|iPhone.Build.0 = Debug|iPhone
		{C201A993-E1F9-4F2F-B447-B49A4644E062}.Debug|iPhoneSimulator.ActiveCfg = Debug|iPhoneSimulator
		{C201A993-E1F9-4F2F-B447-B49A4644E062}.Debug|iPhoneSimulator.Build.0 = Debug|iPhoneSimulator
		{C201A993-E1F9-4F2F-B447-B49A4644E062}.Release|Any CPU.ActiveCfg = Release|iPhoneSimulator
		{C201A993-E1F9-4F2F-B447-B49A4644E062}.Release|Any CPU.Build.0 = Release|iPhoneSimulator
		{C201A993-E1F9-4F2F-B447-B49A4644E062}.Release|iPhone.ActiveCfg = Release|iPhone
		{C201A993-E1F9-4F2F-B447-B49A4644E062}.Release|iPhone.Build.0 = Release|iPhone
		{C201A993-E1F9-4F2F-B447-B49A4644E062}.Release|iPhoneSimulator.ActiveCfg = Release|iPhoneSimulator
		{C201A993-E1F9-4F2F-B447-B49A4644E062}.Release|iPhoneSimulator.Build.0 = Release|iPhoneSimulator
		{D1995C30-C397-44E9-9B8E-D41261E259D8}.Ad-Hoc|iPhone.ActiveCfg = Release|Any CPU
		{D1995C30-C397-44E9-9B8E-D41261E259D8}.Ad-Hoc|iPhone.Build.0 = Release|Any CPU
		{D1995C30-C397-44E9-9B8E-D41261E259D8}.AppStore|iPhone.ActiveCfg = Release|Any CPU
		{D1995C30-C397-44E9-9B8E-D41261E259D8}.AppStore|iPhone.Build.0 = Release|Any CPU
		{D1995C30-C397-44E9-9B8E-D41261E259D8}.Debug|Any CPU.ActiveCfg = Debug|Any CPU
		{D1995C30-C397-44E9-9B8E-D41261E259D8}.Debug|Any CPU.Build.0 = Debug|Any CPU
		{D1995C30-C397-44E9-9B8E-D41261E259D8}.Debug|iPhone.ActiveCfg = Debug|Any CPU
		{D1995C30-C397-44E9-9B8E-D41261E259D8}.Debug|iPhone.Build.0 = Debug|Any CPU
		{D1995C30-C397-44E9-9B8E-D41261E259D8}.Debug|iPhoneSimulator.ActiveCfg = Debug|Any CPU
		{D1995C30-C397-44E9-9B8E-D41261E259D8}.Debug|iPhoneSimulator.Build.0 = Debug|Any CPU
		{D1995C30-C397-44E9-9B8E-D41261E259D8}.Release|Any CPU.ActiveCfg = Release|Any CPU
		{D1995C30-C397-44E9-9B8E-D41261E259D8}.Release|Any CPU.Build.0 = Release|Any CPU
		{D1995C30-C397-44E9-9B8E-D41261E259D8}.Release|iPhone.ActiveCfg = Release|Any CPU
		{D1995C30-C397-44E9-9B8E-D41261E259D8}.Release|iPhone.Build.0 = Release|Any CPU
		{D1995C30-C397-44E9-9B8E-D41261E259D8}.Release|iPhoneSimulator.ActiveCfg = Release|Any CPU
		{D1995C30-C397-44E9-9B8E-D41261E259D8}.Release|iPhoneSimulator.Build.0 = Release|Any CPU
	EndGlobalSection
EndGlobal
